Microsoft Visual Studio Solution File, Format Version 12.00
# Visual Studio 16
Project("{8BC9CEB8-8B4A-11D0-8D11-00A0C91BC942}") = "ALL_BUILD", "ALL_BUILD.vcxproj", "{D0922E8C-B4B2-37C1-BBC5-B50A43B44DD0}"
	ProjectSection(ProjectDependencies) = postProject
		{4BBF6561-B2EB-315A-9D6C-D0B249BF08DA} = {4BBF6561-B2EB-315A-9D6C-D0B249BF08DA}
		{06E5AB7D-0E75-3942-B939-A7D9D9149B57} = {06E5AB7D-0E75-3942-B939-A7D9D9149B57}
		{1E7CF1D6-4E02-3AFC-AE07-519CC13CCCBA} = {1E7CF1D6-4E02-3AFC-AE07-519CC13CCCBA}
		{16C4634E-1FD4-3A62-AC70-597DD157012E} = {16C4634E-1FD4-3A62-AC70-597DD157012E}
		{9D80F916-0F37-3B75-B6A0-48840311D492} = {9D80F916-0F37-3B75-B6A0-48840311D492}
		{02D41D0E-32C1-3CF3-A5D1-FC623CF1B255} = {02D41D0E-32C1-3CF3-A5D1-FC623CF1B255}
	EndProjectSection
EndProject
Project("{8BC9CEB8-8B4A-11D0-8D11-00A0C91BC942}") = "ZERO_CHECK", "ZERO_CHECK.vcxproj", "{4BBF6561-B2EB-315A-9D6C-D0B249BF08DA}"
	ProjectSection(ProjectDependencies) = postProject
	EndProjectSection
EndProject
Project("{8BC9CEB8-8B4A-11D0-8D11-00A0C91BC942}") = "cef_gtest", "tests\gtest\cef_gtest.vcxproj", "{06E5AB7D-0E75-3942-B939-A7D9D9149B57}"
	ProjectSection(ProjectDependencies) = postProject
		{4BBF6561-B2EB-315A-9D6C-D0B249BF08DA} = {4BBF6561-B2EB-315A-9D6C-D0B249BF08DA}
	EndProjectSection
EndProject
Project("{8BC9CEB8-8B4A-11D0-8D11-00A0C91BC942}") = "cefclient", "tests\cefclient\cefclient.vcxproj", "{1E7CF1D6-4E02-3AFC-AE07-519CC13CCCBA}"
	ProjectSection(ProjectDependencies) = postProject
		{4BBF6561-B2EB-315A-9D6C-D0B249BF08DA} = {4BBF6561-B2EB-315A-9D6C-D0B249BF08DA}
		{02D41D0E-32C1-3CF3-A5D1-FC623CF1B255} = {02D41D0E-32C1-3CF3-A5D1-FC623CF1B255}
	EndProjectSection
EndProject
Project("{8BC9CEB8-8B4A-11D0-8D11-00A0C91BC942}") = "cefsimple", "tests\cefsimple\cefsimple.vcxproj", "{16C4634E-1FD4-3A62-AC70-597DD157012E}"
	ProjectSection(ProjectDependencies) = postProject
		{4BBF6561-B2EB-315A-9D6C-D0B249BF08DA} = {4BBF6561-B2EB-315A-9D6C-D0B249BF08DA}
		{02D41D0E-32C1-3CF3-A5D1-FC623CF1B255} = {02D41D0E-32C1-3CF3-A5D1-FC623CF1B255}
	EndProjectSection
EndProject
Project("{8BC9CEB8-8B4A-11D0-8D11-00A0C91BC942}") = "ceftests", "tests\ceftests\ceftests.vcxproj", "{9D80F916-0F37-3B75-B6A0-48840311D492}"
	ProjectSection(ProjectDependencies) = postProject
		{4BBF6561-B2EB-315A-9D6C-D0B249BF08DA} = {4BBF6561-B2EB-315A-9D6C-D0B249BF08DA}
		{06E5AB7D-0E75-3942-B939-A7D9D9149B57} = {06E5AB7D-0E75-3942-B939-A7D9D9149B57}
		{02D41D0E-32C1-3CF3-A5D1-FC623CF1B255} = {02D41D0E-32C1-3CF3-A5D1-FC623CF1B255}
	EndProjectSection
EndProject
Project("{8BC9CEB8-8B4A-11D0-8D11-00A0C91BC942}") = "libcef_dll_wrapper", "libcef_dll_wrapper\libcef_dll_wrapper.vcxproj", "{02D41D0E-32C1-3CF3-A5D1-FC623CF1B255}"
	ProjectSection(ProjectDependencies) = postProject
		{4BBF6561-B2EB-315A-9D6C-D0B249BF08DA} = {4BBF6561-B2EB-315A-9D6C-D0B249BF08DA}
	EndProjectSection
EndProject
Global
	GlobalSection(SolutionConfigurationPlatforms) = preSolution
		Debug|x64 = Debug|x64
		Release|x64 = Release|x64
	EndGlobalSection
	GlobalSection(ProjectConfigurationPlatforms) = postSolution
		{D0922E8C-B4B2-37C1-BBC5-B50A43B44DD0}.Debug|x64.ActiveCfg = Debug|x64
		{D0922E8C-B4B2-37C1-BBC5-B50A43B44DD0}.Release|x64.ActiveCfg = Release|x64
		{4BBF6561-B2EB-315A-9D6C-D0B249BF08DA}.Debug|x64.ActiveCfg = Debug|x64
		{4BBF6561-B2EB-315A-9D6C-D0B249BF08DA}.Debug|x64.Build.0 = Debug|x64
		{4BBF6561-B2EB-315A-9D6C-D0B249BF08DA}.Release|x64.ActiveCfg = Release|x64
		{4BBF6561-B2EB-315A-9D6C-D0B249BF08DA}.Release|x64.Build.0 = Release|x64
		{06E5AB7D-0E75-3942-B939-A7D9D9149B57}.Debug|x64.ActiveCfg = Debug|x64
		{06E5AB7D-0E75-3942-B939-A7D9D9149B57}.Debug|x64.Build.0 = Debug|x64
		{06E5AB7D-0E75-3942-B939-A7D9D9149B57}.Release|x64.ActiveCfg = Release|x64
		{06E5AB7D-0E75-3942-B939-A7D9D9149B57}.Release|x64.Build.0 = Release|x64
		{1E7CF1D6-4E02-3AFC-AE07-519CC13CCCBA}.Debug|x64.ActiveCfg = Debug|x64
		{1E7CF1D6-4E02-3AFC-AE07-519CC13CCCBA}.Debug|x64.Build.0 = Debug|x64
		{1E7CF1D6-4E02-3AFC-AE07-519CC13CCCBA}.Release|x64.ActiveCfg = Release|x64
		{1E7CF1D6-4E02-3AFC-AE07-519CC13CCCBA}.Release|x64.Build.0 = Release|x64
		{16C4634E-1FD4-3A62-AC70-597DD157012E}.Debug|x64.ActiveCfg = Debug|x64
		{16C4634E-1FD4-3A62-AC70-597DD157012E}.Debug|x64.Build.0 = Debug|x64
		{16C4634E-1FD4-3A62-AC70-597DD157012E}.Release|x64.ActiveCfg = Release|x64
		{16C4634E-1FD4-3A62-AC70-597DD157012E}.Release|x64.Build.0 = Release|x64
		{9D80F916-0F37-3B75-B6A0-48840311D492}.Debug|x64.ActiveCfg = Debug|x64
		{9D80F916-0F37-3B75-B6A0-48840311D492}.Debug|x64.Build.0 = Debug|x64
		{9D80F916-0F37-3B75-B6A0-48840311D492}.Release|x64.ActiveCfg = Release|x64
		{9D80F916-0F37-3B75-B6A0-48840311D492}.Release|x64.Build.0 = Release|x64
		{02D41D0E-32C1-3CF3-A5D1-FC623CF1B255}.Debug|x64.ActiveCfg = Debug|x64
		{02D41D0E-32C1-3CF3-A5D1-FC623CF1B255}.Debug|x64.Build.0 = Debug|x64
		{02D41D0E-32C1-3CF3-A5D1-FC623CF1B255}.Release|x64.ActiveCfg = Release|x64
		{02D41D0E-32C1-3CF3-A5D1-FC623CF1B255}.Release|x64.Build.0 = Release|x64
	EndGlobalSection
	GlobalSection(ExtensibilityGlobals) = postSolution
		SolutionGuid = {B5076D39-C889-3990-A438-CEF5B957A12A}
	EndGlobalSection
	GlobalSection(ExtensibilityAddIns) = postSolution
	EndGlobalSection
EndGlobal
