Microsoft Visual Studio Solution File, Format Version 12.00
# Visual Studio 16
Project("{8BC9CEB8-8B4A-11D0-8D11-00A0C91BC942}") = "ALL_BUILD", "ALL_BUILD.vcxproj", "{96C82B45-D984-348D-A105-B3A6BB5C544A}"
	ProjectSection(ProjectDependencies) = postProject
		{BE197C96-B8FD-3DE8-A20F-4809DD4D765A} = {BE197C96-B8FD-3DE8-A20F-4809DD4D765A}
		{BE5CE4F9-53A8-3789-BC6E-F4042103EEA7} = {BE5CE4F9-53A8-3789-BC6E-F4042103EEA7}
		{CD88E178-B6D2-3649-87D8-52DF765AE319} = {CD88E178-B6D2-3649-87D8-52DF765AE319}
		{12C666A7-F79A-3437-B1F8-5C524895E1F0} = {12C666A7-F79A-3437-B1F8-5C524895E1F0}
		{6C4CB0E5-9236-33D0-AAEC-920931E1024D} = {6C4CB0E5-9236-33D0-AAEC-920931E1024D}
		{04DA49DE-661A-3BE9-AEFA-0A6B431DCC50} = {04DA49DE-661A-3BE9-AEFA-0A6B431DCC50}
	EndProjectSection
EndProject
Project("{8BC9CEB8-8B4A-11D0-8D11-00A0C91BC942}") = "ZERO_CHECK", "ZERO_CHECK.vcxproj", "{BE197C96-B8FD-3DE8-A20F-4809DD4D765A}"
	ProjectSection(ProjectDependencies) = postProject
	EndProjectSection
EndProject
Project("{8BC9CEB8-8B4A-11D0-8D11-00A0C91BC942}") = "cef_gtest", "tests\gtest\cef_gtest.vcxproj", "{BE5CE4F9-53A8-3789-BC6E-F4042103EEA7}"
	ProjectSection(ProjectDependencies) = postProject
		{BE197C96-B8FD-3DE8-A20F-4809DD4D765A} = {BE197C96-B8FD-3DE8-A20F-4809DD4D765A}
	EndProjectSection
EndProject
Project("{8BC9CEB8-8B4A-11D0-8D11-00A0C91BC942}") = "cefclient", "tests\cefclient\cefclient.vcxproj", "{CD88E178-B6D2-3649-87D8-52DF765AE319}"
	ProjectSection(ProjectDependencies) = postProject
		{BE197C96-B8FD-3DE8-A20F-4809DD4D765A} = {BE197C96-B8FD-3DE8-A20F-4809DD4D765A}
		{04DA49DE-661A-3BE9-AEFA-0A6B431DCC50} = {04DA49DE-661A-3BE9-AEFA-0A6B431DCC50}
	EndProjectSection
EndProject
Project("{8BC9CEB8-8B4A-11D0-8D11-00A0C91BC942}") = "cefsimple", "tests\cefsimple\cefsimple.vcxproj", "{12C666A7-F79A-3437-B1F8-5C524895E1F0}"
	ProjectSection(ProjectDependencies) = postProject
		{BE197C96-B8FD-3DE8-A20F-4809DD4D765A} = {BE197C96-B8FD-3DE8-A20F-4809DD4D765A}
		{04DA49DE-661A-3BE9-AEFA-0A6B431DCC50} = {04DA49DE-661A-3BE9-AEFA-0A6B431DCC50}
	EndProjectSection
EndProject
Project("{8BC9CEB8-8B4A-11D0-8D11-00A0C91BC942}") = "ceftests", "tests\ceftests\ceftests.vcxproj", "{6C4CB0E5-9236-33D0-AAEC-920931E1024D}"
	ProjectSection(ProjectDependencies) = postProject
		{BE197C96-B8FD-3DE8-A20F-4809DD4D765A} = {BE197C96-B8FD-3DE8-A20F-4809DD4D765A}
		{BE5CE4F9-53A8-3789-BC6E-F4042103EEA7} = {BE5CE4F9-53A8-3789-BC6E-F4042103EEA7}
		{04DA49DE-661A-3BE9-AEFA-0A6B431DCC50} = {04DA49DE-661A-3BE9-AEFA-0A6B431DCC50}
	EndProjectSection
EndProject
Project("{8BC9CEB8-8B4A-11D0-8D11-00A0C91BC942}") = "libcef_dll_wrapper", "libcef_dll_wrapper\libcef_dll_wrapper.vcxproj", "{04DA49DE-661A-3BE9-AEFA-0A6B431DCC50}"
	ProjectSection(ProjectDependencies) = postProject
		{BE197C96-B8FD-3DE8-A20F-4809DD4D765A} = {BE197C96-B8FD-3DE8-A20F-4809DD4D765A}
	EndProjectSection
EndProject
Global
	GlobalSection(SolutionConfigurationPlatforms) = preSolution
		Debug|x64 = Debug|x64
		Release|x64 = Release|x64
	EndGlobalSection
	GlobalSection(ProjectConfigurationPlatforms) = postSolution
		{96C82B45-D984-348D-A105-B3A6BB5C544A}.Debug|x64.ActiveCfg = Debug|x64
		{96C82B45-D984-348D-A105-B3A6BB5C544A}.Release|x64.ActiveCfg = Release|x64
		{BE197C96-B8FD-3DE8-A20F-4809DD4D765A}.Debug|x64.ActiveCfg = Debug|x64
		{BE197C96-B8FD-3DE8-A20F-4809DD4D765A}.Debug|x64.Build.0 = Debug|x64
		{BE197C96-B8FD-3DE8-A20F-4809DD4D765A}.Release|x64.ActiveCfg = Release|x64
		{BE197C96-B8FD-3DE8-A20F-4809DD4D765A}.Release|x64.Build.0 = Release|x64
		{BE5CE4F9-53A8-3789-BC6E-F4042103EEA7}.Debug|x64.ActiveCfg = Debug|x64
		{BE5CE4F9-53A8-3789-BC6E-F4042103EEA7}.Debug|x64.Build.0 = Debug|x64
		{BE5CE4F9-53A8-3789-BC6E-F4042103EEA7}.Release|x64.ActiveCfg = Release|x64
		{BE5CE4F9-53A8-3789-BC6E-F4042103EEA7}.Release|x64.Build.0 = Release|x64
		{CD88E178-B6D2-3649-87D8-52DF765AE319}.Debug|x64.ActiveCfg = Debug|x64
		{CD88E178-B6D2-3649-87D8-52DF765AE319}.Debug|x64.Build.0 = Debug|x64
		{CD88E178-B6D2-3649-87D8-52DF765AE319}.Release|x64.ActiveCfg = Release|x64
		{CD88E178-B6D2-3649-87D8-52DF765AE319}.Release|x64.Build.0 = Release|x64
		{12C666A7-F79A-3437-B1F8-5C524895E1F0}.Debug|x64.ActiveCfg = Debug|x64
		{12C666A7-F79A-3437-B1F8-5C524895E1F0}.Debug|x64.Build.0 = Debug|x64
		{12C666A7-F79A-3437-B1F8-5C524895E1F0}.Release|x64.ActiveCfg = Release|x64
		{12C666A7-F79A-3437-B1F8-5C524895E1F0}.Release|x64.Build.0 = Release|x64
		{6C4CB0E5-9236-33D0-AAEC-920931E1024D}.Debug|x64.ActiveCfg = Debug|x64
		{6C4CB0E5-9236-33D0-AAEC-920931E1024D}.Debug|x64.Build.0 = Debug|x64
		{6C4CB0E5-9236-33D0-AAEC-920931E1024D}.Release|x64.ActiveCfg = Release|x64
		{6C4CB0E5-9236-33D0-AAEC-920931E1024D}.Release|x64.Build.0 = Release|x64
		{04DA49DE-661A-3BE9-AEFA-0A6B431DCC50}.Debug|x64.ActiveCfg = Debug|x64
		{04DA49DE-661A-3BE9-AEFA-0A6B431DCC50}.Debug|x64.Build.0 = Debug|x64
		{04DA49DE-661A-3BE9-AEFA-0A6B431DCC50}.Release|x64.ActiveCfg = Release|x64
		{04DA49DE-661A-3BE9-AEFA-0A6B431DCC50}.Release|x64.Build.0 = Release|x64
	EndGlobalSection
	GlobalSection(ExtensibilityGlobals) = postSolution
		SolutionGuid = {B535A341-60F4-37A7-9D5C-7E4552E3C313}
	EndGlobalSection
	GlobalSection(ExtensibilityAddIns) = postSolution
	EndGlobalSection
EndGlobal
