<?xml version="1.0" encoding="utf-8"?>
<Project ToolsVersion="16.0" xmlns="http://schemas.microsoft.com/developer/msbuild/2003">
  <ItemGroup>
    <CustomBuild Include="C:\Optimade\cef\CMakeFiles\311214d4bfee96b9d626207a5a0cacb7\generate.stamp.rule">
      <Filter>CMake Rules</Filter>
    </CustomBuild>
  </ItemGroup>
  <ItemGroup>
    <Filter Include="CMake Rules">
      <UniqueIdentifier>{31837A0C-EB60-34FB-BFCF-2EE34F1E5D63}</UniqueIdentifier>
    </Filter>
  </ItemGroup>
</Project>
